
Microsoft Visual Studio Solution File, Format Version 12.00
# Visual Studio 15
VisualStudioVersion = 15.0.27703.2000
MinimumVisualStudioVersion = 10.0.40219.1
Project("{FAE04EC0-301F-11D3-BF4B-00C04F79EFBC}") = "aucassin_04_june_18_homework_(UnitTest)", "aucassin_04_june_18_homework_(UnitTest)\aucassin_04_june_18_homework_(UnitTest).csproj", "{BA86E1FA-8D09-4C56-AA06-05483DA6DE9E}"
EndProject
Project("{FAE04EC0-301F-11D3-BF4B-00C04F79EFBC}") = "UnitTestHomework", "UnitTestHomework\UnitTestHomework.csproj", "{92009BBC-3BCB-423B-A78A-C8526600AA40}"
EndProject
Global
	GlobalSection(SolutionConfigurationPlatforms) = preSolution
		Debug|Any CPU = Debug|Any CPU
		Release|Any CPU = Release|Any CPU
	EndGlobalSection
	GlobalSection(ProjectConfigurationPlatforms) = postSolution
		{BA86E1FA-8D09-4C56-AA06-05483DA6DE9E}.Debug|Any CPU.ActiveCfg = Debug|Any CPU
		{BA86E1FA-8D09-4C56-AA06-05483DA6DE9E}.Debug|Any CPU.Build.0 = Debug|Any CPU
		{BA86E1FA-8D09-4C56-AA06-05483DA6DE9E}.Release|Any CPU.ActiveCfg = Release|Any CPU
		{BA86E1FA-8D09-4C56-AA06-05483DA6DE9E}.Release|Any CPU.Build.0 = Release|Any CPU
		{92009BBC-3BCB-423B-A78A-C8526600AA40}.Debug|Any CPU.ActiveCfg = Debug|Any CPU
		{92009BBC-3BCB-423B-A78A-C8526600AA40}.Debug|Any CPU.Build.0 = Debug|Any CPU
		{92009BBC-3BCB-423B-A78A-C8526600AA40}.Release|Any CPU.ActiveCfg = Release|Any CPU
		{92009BBC-3BCB-423B-A78A-C8526600AA40}.Release|Any CPU.Build.0 = Release|Any CPU
	EndGlobalSection
	GlobalSection(SolutionProperties) = preSolution
		HideSolutionNode = FALSE
	EndGlobalSection
	GlobalSection(ExtensibilityGlobals) = postSolution
		SolutionGuid = {5F3F26DC-4A3F-487E-AAE7-E2F447E8AF26}
	EndGlobalSection
EndGlobal
